// !$*UTF8*$!
{
	archiveVersion = 1;
	classes = {
	};
	objectVersion = 55;
	objects = {

/* Begin PBXBuildFile section */
		55252629280C6E0F00B482E0 /* WeatherDetailsViewModel.swift in Sources */ = {isa = PBXBuildFile; fileRef = 55252628280C6E0F00B482E0 /* WeatherDetailsViewModel.swift */; };
		5525262C280C7EEC00B482E0 /* CurrentWeatherCell.swift in Sources */ = {isa = PBXBuildFile; fileRef = 5525262B280C7EEC00B482E0 /* CurrentWeatherCell.swift */; };
		5525262E280C7F0500B482E0 /* HourlyForecastCell.swift in Sources */ = {isa = PBXBuildFile; fileRef = 5525262D280C7F0500B482E0 /* HourlyForecastCell.swift */; };
		55252630280C7F1400B482E0 /* DailyForecastCell.swift in Sources */ = {isa = PBXBuildFile; fileRef = 5525262F280C7F1300B482E0 /* DailyForecastCell.swift */; };
		55252639280C830900B482E0 /* CurrentWeatherCell.xib in Resources */ = {isa = PBXBuildFile; fileRef = 55252638280C830900B482E0 /* CurrentWeatherCell.xib */; };
		5525263B280C836E00B482E0 /* HourlyForecastCell.xib in Resources */ = {isa = PBXBuildFile; fileRef = 5525263A280C836E00B482E0 /* HourlyForecastCell.xib */; };
		5525263D280C838600B482E0 /* DailyForecastCell.xib in Resources */ = {isa = PBXBuildFile; fileRef = 5525263C280C838600B482E0 /* DailyForecastCell.xib */; };
		55252650280D934400B482E0 /* HourlyWeatherModel.swift in Sources */ = {isa = PBXBuildFile; fileRef = 5525264F280D934400B482E0 /* HourlyWeatherModel.swift */; };
		55252652280D935500B482E0 /* HourlyWeatherData.swift in Sources */ = {isa = PBXBuildFile; fileRef = 55252651280D935500B482E0 /* HourlyWeatherData.swift */; };
		5542FF5A281698BD00E4BDDC /* HourlyWeatherCollectionCell.swift in Sources */ = {isa = PBXBuildFile; fileRef = 5542FF59281698BD00E4BDDC /* HourlyWeatherCollectionCell.swift */; };
		5542FF5C2816A27C00E4BDDC /* HourlyCollectionCell.xib in Resources */ = {isa = PBXBuildFile; fileRef = 5542FF5B2816A27C00E4BDDC /* HourlyCollectionCell.xib */; };
		5542FF5E2816C9F600E4BDDC /* DailyWeatherModel.swift in Sources */ = {isa = PBXBuildFile; fileRef = 5542FF5D2816C9F600E4BDDC /* DailyWeatherModel.swift */; };
		554C8CBC27FAFCBA001B8A08 /* AppDelegate.swift in Sources */ = {isa = PBXBuildFile; fileRef = 554C8CBB27FAFCBA001B8A08 /* AppDelegate.swift */; };
		554C8CBE27FAFCBA001B8A08 /* SceneDelegate.swift in Sources */ = {isa = PBXBuildFile; fileRef = 554C8CBD27FAFCBA001B8A08 /* SceneDelegate.swift */; };
		554C8CC027FAFCBA001B8A08 /* ViewController.swift in Sources */ = {isa = PBXBuildFile; fileRef = 554C8CBF27FAFCBA001B8A08 /* ViewController.swift */; };
		554C8CC327FAFCBA001B8A08 /* Main.storyboard in Resources */ = {isa = PBXBuildFile; fileRef = 554C8CC127FAFCBA001B8A08 /* Main.storyboard */; };
		554C8CC527FAFCBC001B8A08 /* Assets.xcassets in Resources */ = {isa = PBXBuildFile; fileRef = 554C8CC427FAFCBC001B8A08 /* Assets.xcassets */; };
		554C8CC827FAFCBC001B8A08 /* LaunchScreen.storyboard in Resources */ = {isa = PBXBuildFile; fileRef = 554C8CC627FAFCBC001B8A08 /* LaunchScreen.storyboard */; };
		55747C8728084A5E0051A42D /* TabBarController.swift in Sources */ = {isa = PBXBuildFile; fileRef = 55747C8628084A5E0051A42D /* TabBarController.swift */; };
		55747C8928084D3D0051A42D /* SearchViewController.swift in Sources */ = {isa = PBXBuildFile; fileRef = 55747C8828084D3D0051A42D /* SearchViewController.swift */; };
		55747C8B28084EFE0051A42D /* WeatherViewController.swift in Sources */ = {isa = PBXBuildFile; fileRef = 55747C8A28084EFE0051A42D /* WeatherViewController.swift */; };
		55DF3BFE2805DB54005C6955 /* CurrentWeatherModel.swift in Sources */ = {isa = PBXBuildFile; fileRef = 55DF3BFD2805DB54005C6955 /* CurrentWeatherModel.swift */; };
		55DF3C002805E224005C6955 /* NetworkManager.swift in Sources */ = {isa = PBXBuildFile; fileRef = 55DF3BFF2805E224005C6955 /* NetworkManager.swift */; };
		55DF3C022805E788005C6955 /* CurrentWeatherData.swift in Sources */ = {isa = PBXBuildFile; fileRef = 55DF3C012805E787005C6955 /* CurrentWeatherData.swift */; };
		DBC57A419029D61738518E1A /* Pods_Weather.framework in Frameworks */ = {isa = PBXBuildFile; fileRef = 3957AC18F9A11C9ED849DE9C /* Pods_Weather.framework */; };
/* End PBXBuildFile section */

/* Begin PBXFileReference section */
		3957AC18F9A11C9ED849DE9C /* Pods_Weather.framework */ = {isa = PBXFileReference; explicitFileType = wrapper.framework; includeInIndex = 0; path = Pods_Weather.framework; sourceTree = BUILT_PRODUCTS_DIR; };
		55252628280C6E0F00B482E0 /* WeatherDetailsViewModel.swift */ = {isa = PBXFileReference; lastKnownFileType = sourcecode.swift; path = WeatherDetailsViewModel.swift; sourceTree = "<group>"; };
		5525262B280C7EEC00B482E0 /* CurrentWeatherCell.swift */ = {isa = PBXFileReference; lastKnownFileType = sourcecode.swift; path = CurrentWeatherCell.swift; sourceTree = "<group>"; };
		5525262D280C7F0500B482E0 /* HourlyForecastCell.swift */ = {isa = PBXFileReference; lastKnownFileType = sourcecode.swift; path = HourlyForecastCell.swift; sourceTree = "<group>"; };
		5525262F280C7F1300B482E0 /* DailyForecastCell.swift */ = {isa = PBXFileReference; lastKnownFileType = sourcecode.swift; path = DailyForecastCell.swift; sourceTree = "<group>"; };
		55252638280C830900B482E0 /* CurrentWeatherCell.xib */ = {isa = PBXFileReference; lastKnownFileType = file.xib; path = CurrentWeatherCell.xib; sourceTree = "<group>"; };
		5525263A280C836E00B482E0 /* HourlyForecastCell.xib */ = {isa = PBXFileReference; lastKnownFileType = file.xib; path = HourlyForecastCell.xib; sourceTree = "<group>"; };
		5525263C280C838600B482E0 /* DailyForecastCell.xib */ = {isa = PBXFileReference; lastKnownFileType = file.xib; path = DailyForecastCell.xib; sourceTree = "<group>"; };
		5525264F280D934400B482E0 /* HourlyWeatherModel.swift */ = {isa = PBXFileReference; lastKnownFileType = sourcecode.swift; path = HourlyWeatherModel.swift; sourceTree = "<group>"; };
		55252651280D935500B482E0 /* HourlyWeatherData.swift */ = {isa = PBXFileReference; lastKnownFileType = sourcecode.swift; path = HourlyWeatherData.swift; sourceTree = "<group>"; };
		5542FF59281698BD00E4BDDC /* HourlyWeatherCollectionCell.swift */ = {isa = PBXFileReference; lastKnownFileType = sourcecode.swift; path = HourlyWeatherCollectionCell.swift; sourceTree = "<group>"; };
		5542FF5B2816A27C00E4BDDC /* HourlyCollectionCell.xib */ = {isa = PBXFileReference; lastKnownFileType = file.xib; path = HourlyCollectionCell.xib; sourceTree = "<group>"; };
		5542FF5D2816C9F600E4BDDC /* DailyWeatherModel.swift */ = {isa = PBXFileReference; lastKnownFileType = sourcecode.swift; path = DailyWeatherModel.swift; sourceTree = "<group>"; };
		554C8CB827FAFCBA001B8A08 /* Weather.app */ = {isa = PBXFileReference; explicitFileType = wrapper.application; includeInIndex = 0; path = Weather.app; sourceTree = BUILT_PRODUCTS_DIR; };
		554C8CBB27FAFCBA001B8A08 /* AppDelegate.swift */ = {isa = PBXFileReference; lastKnownFileType = sourcecode.swift; path = AppDelegate.swift; sourceTree = "<group>"; };
		554C8CBD27FAFCBA001B8A08 /* SceneDelegate.swift */ = {isa = PBXFileReference; lastKnownFileType = sourcecode.swift; path = SceneDelegate.swift; sourceTree = "<group>"; };
		554C8CBF27FAFCBA001B8A08 /* ViewController.swift */ = {isa = PBXFileReference; lastKnownFileType = sourcecode.swift; path = ViewController.swift; sourceTree = "<group>"; };
		554C8CC227FAFCBA001B8A08 /* Base */ = {isa = PBXFileReference; lastKnownFileType = file.storyboard; name = Base; path = Base.lproj/Main.storyboard; sourceTree = "<group>"; };
		554C8CC427FAFCBC001B8A08 /* Assets.xcassets */ = {isa = PBXFileReference; lastKnownFileType = folder.assetcatalog; path = Assets.xcassets; sourceTree = "<group>"; };
		554C8CC727FAFCBC001B8A08 /* Base */ = {isa = PBXFileReference; lastKnownFileType = file.storyboard; name = Base; path = Base.lproj/LaunchScreen.storyboard; sourceTree = "<group>"; };
		554C8CC927FAFCBC001B8A08 /* Info.plist */ = {isa = PBXFileReference; lastKnownFileType = text.plist.xml; path = Info.plist; sourceTree = "<group>"; };
		55747C8628084A5E0051A42D /* TabBarController.swift */ = {isa = PBXFileReference; lastKnownFileType = sourcecode.swift; path = TabBarController.swift; sourceTree = "<group>"; };
		55747C8828084D3D0051A42D /* SearchViewController.swift */ = {isa = PBXFileReference; lastKnownFileType = sourcecode.swift; path = SearchViewController.swift; sourceTree = "<group>"; };
		55747C8A28084EFE0051A42D /* WeatherViewController.swift */ = {isa = PBXFileReference; lastKnownFileType = sourcecode.swift; path = WeatherViewController.swift; sourceTree = "<group>"; };
		55DF3BFD2805DB54005C6955 /* CurrentWeatherModel.swift */ = {isa = PBXFileReference; lastKnownFileType = sourcecode.swift; path = CurrentWeatherModel.swift; sourceTree = "<group>"; };
		55DF3BFF2805E224005C6955 /* NetworkManager.swift */ = {isa = PBXFileReference; lastKnownFileType = sourcecode.swift; path = NetworkManager.swift; sourceTree = "<group>"; };
		55DF3C012805E787005C6955 /* CurrentWeatherData.swift */ = {isa = PBXFileReference; lastKnownFileType = sourcecode.swift; path = CurrentWeatherData.swift; sourceTree = "<group>"; };
		BA7996394BF82EE44984D400 /* Pods-Weather.debug.xcconfig */ = {isa = PBXFileReference; includeInIndex = 1; lastKnownFileType = text.xcconfig; name = "Pods-Weather.debug.xcconfig"; path = "Target Support Files/Pods-Weather/Pods-Weather.debug.xcconfig"; sourceTree = "<group>"; };
		EE3A2DD5FF72B546714E542F /* Pods-Weather.release.xcconfig */ = {isa = PBXFileReference; includeInIndex = 1; lastKnownFileType = text.xcconfig; name = "Pods-Weather.release.xcconfig"; path = "Target Support Files/Pods-Weather/Pods-Weather.release.xcconfig"; sourceTree = "<group>"; };
/* End PBXFileReference section */

/* Begin PBXFrameworksBuildPhase section */
		554C8CB527FAFCBA001B8A08 /* Frameworks */ = {
			isa = PBXFrameworksBuildPhase;
			buildActionMask = 2147483647;
			files = (
				DBC57A419029D61738518E1A /* Pods_Weather.framework in Frameworks */,
			);
			runOnlyForDeploymentPostprocessing = 0;
		};
/* End PBXFrameworksBuildPhase section */

/* Begin PBXGroup section */
		51D76EF19174E3211C0C4A65 /* Frameworks */ = {
			isa = PBXGroup;
			children = (
				3957AC18F9A11C9ED849DE9C /* Pods_Weather.framework */,
			);
			name = Frameworks;
			sourceTree = "<group>";
		};
		5525262A280C7ED900B482E0 /* Views */ = {
			isa = PBXGroup;
			children = (
				55252648280D855500B482E0 /* Cells */,
			);
			path = Views;
			sourceTree = "<group>";
		};
		55252631280C7F7400B482E0 /* Controllers */ = {
			isa = PBXGroup;
			children = (
				55252635280C7FE600B482E0 /* Old */,
				55747C8628084A5E0051A42D /* TabBarController.swift */,
				55747C8828084D3D0051A42D /* SearchViewController.swift */,
				55747C8A28084EFE0051A42D /* WeatherViewController.swift */,
			);
			path = Controllers;
			sourceTree = "<group>";
		};
		55252632280C7F9100B482E0 /* Model */ = {
			isa = PBXGroup;
			children = (
				55DF3C012805E787005C6955 /* CurrentWeatherData.swift */,
				55DF3BFD2805DB54005C6955 /* CurrentWeatherModel.swift */,
				5525264F280D934400B482E0 /* HourlyWeatherModel.swift */,
				55252651280D935500B482E0 /* HourlyWeatherData.swift */,
				5542FF5D2816C9F600E4BDDC /* DailyWeatherModel.swift */,
			);
			path = Model;
			sourceTree = "<group>";
		};
		55252633280C7FA000B482E0 /* API */ = {
			isa = PBXGroup;
			children = (
				55DF3BFF2805E224005C6955 /* NetworkManager.swift */,
			);
			path = API;
			sourceTree = "<group>";
		};
		55252634280C7FBA00B482E0 /* ViewModel */ = {
			isa = PBXGroup;
			children = (
				55252628280C6E0F00B482E0 /* WeatherDetailsViewModel.swift */,
			);
			path = ViewModel;
			sourceTree = "<group>";
		};
		55252635280C7FE600B482E0 /* Old */ = {
			isa = PBXGroup;
			children = (
				554C8CBF27FAFCBA001B8A08 /* ViewController.swift */,
				554C8CC127FAFCBA001B8A08 /* Main.storyboard */,
			);
			path = Old;
			sourceTree = "<group>";
		};
		55252648280D855500B482E0 /* Cells */ = {
			isa = PBXGroup;
			children = (
				5525262B280C7EEC00B482E0 /* CurrentWeatherCell.swift */,
				55252638280C830900B482E0 /* CurrentWeatherCell.xib */,
				5525262D280C7F0500B482E0 /* HourlyForecastCell.swift */,
				5542FF5B2816A27C00E4BDDC /* HourlyCollectionCell.xib */,
				5542FF59281698BD00E4BDDC /* HourlyWeatherCollectionCell.swift */,
				5525263A280C836E00B482E0 /* HourlyForecastCell.xib */,
				5525262F280C7F1300B482E0 /* DailyForecastCell.swift */,
				5525263C280C838600B482E0 /* DailyForecastCell.xib */,
			);
			path = Cells;
			sourceTree = "<group>";
		};
		554C8CAF27FAFCBA001B8A08 = {
			isa = PBXGroup;
			children = (
				554C8CBA27FAFCBA001B8A08 /* Weather */,
				554C8CB927FAFCBA001B8A08 /* Products */,
				EF774E5B668E91F62335269F /* Pods */,
				51D76EF19174E3211C0C4A65 /* Frameworks */,
			);
			sourceTree = "<group>";
		};
		554C8CB927FAFCBA001B8A08 /* Products */ = {
			isa = PBXGroup;
			children = (
				554C8CB827FAFCBA001B8A08 /* Weather.app */,
			);
			name = Products;
			sourceTree = "<group>";
		};
		554C8CBA27FAFCBA001B8A08 /* Weather */ = {
			isa = PBXGroup;
			children = (
				554C8CBB27FAFCBA001B8A08 /* AppDelegate.swift */,
				554C8CBD27FAFCBA001B8A08 /* SceneDelegate.swift */,
				55252634280C7FBA00B482E0 /* ViewModel */,
				55252631280C7F7400B482E0 /* Controllers */,
				5525262A280C7ED900B482E0 /* Views */,
				55252633280C7FA000B482E0 /* API */,
				55252632280C7F9100B482E0 /* Model */,
				554C8CC427FAFCBC001B8A08 /* Assets.xcassets */,
				554C8CC627FAFCBC001B8A08 /* LaunchScreen.storyboard */,
				554C8CC927FAFCBC001B8A08 /* Info.plist */,
			);
			path = Weather;
			sourceTree = "<group>";
		};
		EF774E5B668E91F62335269F /* Pods */ = {
			isa = PBXGroup;
			children = (
				BA7996394BF82EE44984D400 /* Pods-Weather.debug.xcconfig */,
				EE3A2DD5FF72B546714E542F /* Pods-Weather.release.xcconfig */,
			);
			path = Pods;
			sourceTree = "<group>";
		};
/* End PBXGroup section */

/* Begin PBXNativeTarget section */
		554C8CB727FAFCBA001B8A08 /* Weather */ = {
			isa = PBXNativeTarget;
			buildConfigurationList = 554C8CCC27FAFCBC001B8A08 /* Build configuration list for PBXNativeTarget "Weather" */;
			buildPhases = (
				C64BF4E58D4D1A7D09E932B3 /* [CP] Check Pods Manifest.lock */,
				554C8CB427FAFCBA001B8A08 /* Sources */,
				554C8CB527FAFCBA001B8A08 /* Frameworks */,
				554C8CB627FAFCBA001B8A08 /* Resources */,
				85D1BEBB061B606976C3EE26 /* [CP] Embed Pods Frameworks */,
			);
			buildRules = (
			);
			dependencies = (
			);
			name = Weather;
			productName = Weather;
			productReference = 554C8CB827FAFCBA001B8A08 /* Weather.app */;
			productType = "com.apple.product-type.application";
		};
/* End PBXNativeTarget section */

/* Begin PBXProject section */
		554C8CB027FAFCBA001B8A08 /* Project object */ = {
			isa = PBXProject;
			attributes = {
				BuildIndependentTargetsInParallel = 1;
				LastSwiftUpdateCheck = 1320;
				LastUpgradeCheck = 1320;
				TargetAttributes = {
					554C8CB727FAFCBA001B8A08 = {
						CreatedOnToolsVersion = 13.2.1;
					};
				};
			};
			buildConfigurationList = 554C8CB327FAFCBA001B8A08 /* Build configuration list for PBXProject "Weather" */;
			compatibilityVersion = "Xcode 13.0";
			developmentRegion = en;
			hasScannedForEncodings = 0;
			knownRegions = (
				en,
				Base,
			);
			mainGroup = 554C8CAF27FAFCBA001B8A08;
			productRefGroup = 554C8CB927FAFCBA001B8A08 /* Products */;
			projectDirPath = "";
			projectRoot = "";
			targets = (
				554C8CB727FAFCBA001B8A08 /* Weather */,
			);
		};
/* End PBXProject section */

/* Begin PBXResourcesBuildPhase section */
		554C8CB627FAFCBA001B8A08 /* Resources */ = {
			isa = PBXResourcesBuildPhase;
			buildActionMask = 2147483647;
			files = (
				554C8CC827FAFCBC001B8A08 /* LaunchScreen.storyboard in Resources */,
				5542FF5C2816A27C00E4BDDC /* HourlyCollectionCell.xib in Resources */,
				55252639280C830900B482E0 /* CurrentWeatherCell.xib in Resources */,
				554C8CC527FAFCBC001B8A08 /* Assets.xcassets in Resources */,
				5525263B280C836E00B482E0 /* HourlyForecastCell.xib in Resources */,
				5525263D280C838600B482E0 /* DailyForecastCell.xib in Resources */,
				554C8CC327FAFCBA001B8A08 /* Main.storyboard in Resources */,
			);
			runOnlyForDeploymentPostprocessing = 0;
		};
/* End PBXResourcesBuildPhase section */

/* Begin PBXShellScriptBuildPhase section */
		85D1BEBB061B606976C3EE26 /* [CP] Embed Pods Frameworks */ = {
			isa = PBXShellScriptBuildPhase;
			buildActionMask = 2147483647;
			files = (
			);
			inputFileListPaths = (
				"${PODS_ROOT}/Target Support Files/Pods-Weather/Pods-Weather-frameworks-${CONFIGURATION}-input-files.xcfilelist",
			);
			name = "[CP] Embed Pods Frameworks";
			outputFileListPaths = (
				"${PODS_ROOT}/Target Support Files/Pods-Weather/Pods-Weather-frameworks-${CONFIGURATION}-output-files.xcfilelist",
			);
			runOnlyForDeploymentPostprocessing = 0;
			shellPath = /bin/sh;
			shellScript = "\"${PODS_ROOT}/Target Support Files/Pods-Weather/Pods-Weather-frameworks.sh\"\n";
			showEnvVarsInLog = 0;
		};
		C64BF4E58D4D1A7D09E932B3 /* [CP] Check Pods Manifest.lock */ = {
			isa = PBXShellScriptBuildPhase;
			buildActionMask = 2147483647;
			files = (
			);
			inputFileListPaths = (
			);
			inputPaths = (
				"${PODS_PODFILE_DIR_PATH}/Podfile.lock",
				"${PODS_ROOT}/Manifest.lock",
			);
			name = "[CP] Check Pods Manifest.lock";
			outputFileListPaths = (
			);
			outputPaths = (
				"$(DERIVED_FILE_DIR)/Pods-Weather-checkManifestLockResult.txt",
			);
			runOnlyForDeploymentPostprocessing = 0;
			shellPath = /bin/sh;
			shellScript = "diff \"${PODS_PODFILE_DIR_PATH}/Podfile.lock\" \"${PODS_ROOT}/Manifest.lock\" > /dev/null\nif [ $? != 0 ] ; then\n    # print error to STDERR\n    echo \"error: The sandbox is not in sync with the Podfile.lock. Run 'pod install' or update your CocoaPods installation.\" >&2\n    exit 1\nfi\n# This output is used by Xcode 'outputs' to avoid re-running this script phase.\necho \"SUCCESS\" > \"${SCRIPT_OUTPUT_FILE_0}\"\n";
			showEnvVarsInLog = 0;
		};
/* End PBXShellScriptBuildPhase section */

/* Begin PBXSourcesBuildPhase section */
		554C8CB427FAFCBA001B8A08 /* Sources */ = {
			isa = PBXSourcesBuildPhase;
			buildActionMask = 2147483647;
			files = (
				554C8CC027FAFCBA001B8A08 /* ViewController.swift in Sources */,
				55747C8B28084EFE0051A42D /* WeatherViewController.swift in Sources */,
				5542FF5E2816C9F600E4BDDC /* DailyWeatherModel.swift in Sources */,
				5525262C280C7EEC00B482E0 /* CurrentWeatherCell.swift in Sources */,
				554C8CBC27FAFCBA001B8A08 /* AppDelegate.swift in Sources */,
				55747C8928084D3D0051A42D /* SearchViewController.swift in Sources */,
				55252650280D934400B482E0 /* HourlyWeatherModel.swift in Sources */,
				5542FF5A281698BD00E4BDDC /* HourlyWeatherCollectionCell.swift in Sources */,
				5525262E280C7F0500B482E0 /* HourlyForecastCell.swift in Sources */,
				55252629280C6E0F00B482E0 /* WeatherDetailsViewModel.swift in Sources */,
				55252652280D935500B482E0 /* HourlyWeatherData.swift in Sources */,
				55DF3C002805E224005C6955 /* NetworkManager.swift in Sources */,
				55DF3BFE2805DB54005C6955 /* CurrentWeatherModel.swift in Sources */,
				55747C8728084A5E0051A42D /* TabBarController.swift in Sources */,
				55252630280C7F1400B482E0 /* DailyForecastCell.swift in Sources */,
				55DF3C022805E788005C6955 /* CurrentWeatherData.swift in Sources */,
				554C8CBE27FAFCBA001B8A08 /* SceneDelegate.swift in Sources */,
			);
			runOnlyForDeploymentPostprocessing = 0;
		};
/* End PBXSourcesBuildPhase section */

/* Begin PBXVariantGroup section */
		554C8CC127FAFCBA001B8A08 /* Main.storyboard */ = {
			isa = PBXVariantGroup;
			children = (
				554C8CC227FAFCBA001B8A08 /* Base */,
			);
			name = Main.storyboard;
			sourceTree = "<group>";
		};
		554C8CC627FAFCBC001B8A08 /* LaunchScreen.storyboard */ = {
			isa = PBXVariantGroup;
			children = (
				554C8CC727FAFCBC001B8A08 /* Base */,
			);
			name = LaunchScreen.storyboard;
			sourceTree = "<group>";
		};
/* End PBXVariantGroup section */

/* Begin XCBuildConfiguration section */
		554C8CCA27FAFCBC001B8A08 /* Debug */ = {
			isa = XCBuildConfiguration;
			buildSettings = {
				ALWAYS_SEARCH_USER_PATHS = NO;
				CLANG_ANALYZER_NONNULL = YES;
				CLANG_ANALYZER_NUMBER_OBJECT_CONVERSION = YES_AGGRESSIVE;
				CLANG_CXX_LANGUAGE_STANDARD = "gnu++17";
				CLANG_CXX_LIBRARY = "libc++";
				CLANG_ENABLE_MODULES = YES;
				CLANG_ENABLE_OBJC_ARC = YES;
				CLANG_ENABLE_OBJC_WEAK = YES;
				CLANG_WARN_BLOCK_CAPTURE_AUTORELEASING = YES;
				CLANG_WARN_BOOL_CONVERSION = YES;
				CLANG_WARN_COMMA = YES;
				CLANG_WARN_CONSTANT_CONVERSION = YES;
				CLANG_WARN_DEPRECATED_OBJC_IMPLEMENTATIONS = YES;
				CLANG_WARN_DIRECT_OBJC_ISA_USAGE = YES_ERROR;
				CLANG_WARN_DOCUMENTATION_COMMENTS = YES;
				CLANG_WARN_EMPTY_BODY = YES;
				CLANG_WARN_ENUM_CONVERSION = YES;
				CLANG_WARN_INFINITE_RECURSION = YES;
				CLANG_WARN_INT_CONVERSION = YES;
				CLANG_WARN_NON_LITERAL_NULL_CONVERSION = YES;
				CLANG_WARN_OBJC_IMPLICIT_RETAIN_SELF = YES;
				CLANG_WARN_OBJC_LITERAL_CONVERSION = YES;
				CLANG_WARN_OBJC_ROOT_CLASS = YES_ERROR;
				CLANG_WARN_QUOTED_INCLUDE_IN_FRAMEWORK_HEADER = YES;
				CLANG_WARN_RANGE_LOOP_ANALYSIS = YES;
				CLANG_WARN_STRICT_PROTOTYPES = YES;
				CLANG_WARN_SUSPICIOUS_MOVE = YES;
				CLANG_WARN_UNGUARDED_AVAILABILITY = YES_AGGRESSIVE;
				CLANG_WARN_UNREACHABLE_CODE = YES;
				CLANG_WARN__DUPLICATE_METHOD_MATCH = YES;
				COPY_PHASE_STRIP = NO;
				DEBUG_INFORMATION_FORMAT = dwarf;
				ENABLE_STRICT_OBJC_MSGSEND = YES;
				ENABLE_TESTABILITY = YES;
				GCC_C_LANGUAGE_STANDARD = gnu11;
				GCC_DYNAMIC_NO_PIC = NO;
				GCC_NO_COMMON_BLOCKS = YES;
				GCC_OPTIMIZATION_LEVEL = 0;
				GCC_PREPROCESSOR_DEFINITIONS = (
					"DEBUG=1",
					"$(inherited)",
				);
				GCC_WARN_64_TO_32_BIT_CONVERSION = YES;
				GCC_WARN_ABOUT_RETURN_TYPE = YES_ERROR;
				GCC_WARN_UNDECLARED_SELECTOR = YES;
				GCC_WARN_UNINITIALIZED_AUTOS = YES_AGGRESSIVE;
				GCC_WARN_UNUSED_FUNCTION = YES;
				GCC_WARN_UNUSED_VARIABLE = YES;
				IPHONEOS_DEPLOYMENT_TARGET = 15.2;
				MTL_ENABLE_DEBUG_INFO = INCLUDE_SOURCE;
				MTL_FAST_MATH = YES;
				ONLY_ACTIVE_ARCH = YES;
				SDKROOT = iphoneos;
				SWIFT_ACTIVE_COMPILATION_CONDITIONS = DEBUG;
				SWIFT_OPTIMIZATION_LEVEL = "-Onone";
			};
			name = Debug;
		};
		554C8CCB27FAFCBC001B8A08 /* Release */ = {
			isa = XCBuildConfiguration;
			buildSettings = {
				ALWAYS_SEARCH_USER_PATHS = NO;
				CLANG_ANALYZER_NONNULL = YES;
				CLANG_ANALYZER_NUMBER_OBJECT_CONVERSION = YES_AGGRESSIVE;
				CLANG_CXX_LANGUAGE_STANDARD = "gnu++17";
				CLANG_CXX_LIBRARY = "libc++";
				CLANG_ENABLE_MODULES = YES;
				CLANG_ENABLE_OBJC_ARC = YES;
				CLANG_ENABLE_OBJC_WEAK = YES;
				CLANG_WARN_BLOCK_CAPTURE_AUTORELEASING = YES;
				CLANG_WARN_BOOL_CONVERSION = YES;
				CLANG_WARN_COMMA = YES;
				CLANG_WARN_CONSTANT_CONVERSION = YES;
				CLANG_WARN_DEPRECATED_OBJC_IMPLEMENTATIONS = YES;
				CLANG_WARN_DIRECT_OBJC_ISA_USAGE = YES_ERROR;
				CLANG_WARN_DOCUMENTATION_COMMENTS = YES;
				CLANG_WARN_EMPTY_BODY = YES;
				CLANG_WARN_ENUM_CONVERSION = YES;
				CLANG_WARN_INFINITE_RECURSION = YES;
				CLANG_WARN_INT_CONVERSION = YES;
				CLANG_WARN_NON_LITERAL_NULL_CONVERSION = YES;
				CLANG_WARN_OBJC_IMPLICIT_RETAIN_SELF = YES;
				CLANG_WARN_OBJC_LITERAL_CONVERSION = YES;
				CLANG_WARN_OBJC_ROOT_CLASS = YES_ERROR;
				CLANG_WARN_QUOTED_INCLUDE_IN_FRAMEWORK_HEADER = YES;
				CLANG_WARN_RANGE_LOOP_ANALYSIS = YES;
				CLANG_WARN_STRICT_PROTOTYPES = YES;
				CLANG_WARN_SUSPICIOUS_MOVE = YES;
				CLANG_WARN_UNGUARDED_AVAILABILITY = YES_AGGRESSIVE;
				CLANG_WARN_UNREACHABLE_CODE = YES;
				CLANG_WARN__DUPLICATE_METHOD_MATCH = YES;
				COPY_PHASE_STRIP = NO;
				DEBUG_INFORMATION_FORMAT = "dwarf-with-dsym";
				ENABLE_NS_ASSERTIONS = NO;
				ENABLE_STRICT_OBJC_MSGSEND = YES;
				GCC_C_LANGUAGE_STANDARD = gnu11;
				GCC_NO_COMMON_BLOCKS = YES;
				GCC_WARN_64_TO_32_BIT_CONVERSION = YES;
				GCC_WARN_ABOUT_RETURN_TYPE = YES_ERROR;
				GCC_WARN_UNDECLARED_SELECTOR = YES;
				GCC_WARN_UNINITIALIZED_AUTOS = YES_AGGRESSIVE;
				GCC_WARN_UNUSED_FUNCTION = YES;
				GCC_WARN_UNUSED_VARIABLE = YES;
				IPHONEOS_DEPLOYMENT_TARGET = 15.2;
				MTL_ENABLE_DEBUG_INFO = NO;
				MTL_FAST_MATH = YES;
				SDKROOT = iphoneos;
				SWIFT_COMPILATION_MODE = wholemodule;
				SWIFT_OPTIMIZATION_LEVEL = "-O";
				VALIDATE_PRODUCT = YES;
			};
			name = Release;
		};
		554C8CCD27FAFCBC001B8A08 /* Debug */ = {
			isa = XCBuildConfiguration;
			baseConfigurationReference = BA7996394BF82EE44984D400 /* Pods-Weather.debug.xcconfig */;
			buildSettings = {
				ASSETCATALOG_COMPILER_APPICON_NAME = AppIcon;
				ASSETCATALOG_COMPILER_GLOBAL_ACCENT_COLOR_NAME = AccentColor;
				CODE_SIGN_STYLE = Automatic;
				CURRENT_PROJECT_VERSION = 1;
				DEVELOPMENT_TEAM = BPXP6739DN;
				GENERATE_INFOPLIST_FILE = YES;
				INFOPLIST_FILE = Weather/Info.plist;
				INFOPLIST_KEY_UIApplicationSupportsIndirectInputEvents = YES;
				INFOPLIST_KEY_UILaunchStoryboardName = LaunchScreen;
				INFOPLIST_KEY_UIMainStoryboardFile = Main;
				INFOPLIST_KEY_UISupportedInterfaceOrientations = "";
				INFOPLIST_KEY_UISupportedInterfaceOrientations_iPad = "UIInterfaceOrientationPortrait UIInterfaceOrientationPortraitUpsideDown UIInterfaceOrientationLandscapeLeft UIInterfaceOrientationLandscapeRight";
				INFOPLIST_KEY_UISupportedInterfaceOrientations_iPhone = "UIInterfaceOrientationPortrait UIInterfaceOrientationLandscapeLeft UIInterfaceOrientationLandscapeRight";
				LD_RUNPATH_SEARCH_PATHS = (
					"$(inherited)",
					"@executable_path/Frameworks",
				);
				MARKETING_VERSION = 1.0;
				PRODUCT_BUNDLE_IDENTIFIER = com.mitrioApps.Weather;
				PRODUCT_NAME = "$(TARGET_NAME)";
				SWIFT_EMIT_LOC_STRINGS = YES;
				SWIFT_VERSION = 5.0;
				TARGETED_DEVICE_FAMILY = 1;
			};
			name = Debug;
		};
		554C8CCE27FAFCBC001B8A08 /* Release */ = {
			isa = XCBuildConfiguration;
			baseConfigurationReference = EE3A2DD5FF72B546714E542F /* Pods-Weather.release.xcconfig */;
			buildSettings = {
				ASSETCATALOG_COMPILER_APPICON_NAME = AppIcon;
				ASSETCATALOG_COMPILER_GLOBAL_ACCENT_COLOR_NAME = AccentColor;
				CODE_SIGN_STYLE = Automatic;
				CURRENT_PROJECT_VERSION = 1;
				DEVELOPMENT_TEAM = BPXP6739DN;
				GENERATE_INFOPLIST_FILE = YES;
				INFOPLIST_FILE = Weather/Info.plist;
				INFOPLIST_KEY_UIApplicationSupportsIndirectInputEvents = YES;
				INFOPLIST_KEY_UILaunchStoryboardName = LaunchScreen;
				INFOPLIST_KEY_UIMainStoryboardFile = Main;
				INFOPLIST_KEY_UISupportedInterfaceOrientations = "";
				INFOPLIST_KEY_UISupportedInterfaceOrientations_iPad = "UIInterfaceOrientationPortrait UIInterfaceOrientationPortraitUpsideDown UIInterfaceOrientationLandscapeLeft UIInterfaceOrientationLandscapeRight";
				INFOPLIST_KEY_UISupportedInterfaceOrientations_iPhone = "UIInterfaceOrientationPortrait UIInterfaceOrientationLandscapeLeft UIInterfaceOrientationLandscapeRight";
				LD_RUNPATH_SEARCH_PATHS = (
					"$(inherited)",
					"@executable_path/Frameworks",
				);
				MARKETING_VERSION = 1.0;
				PRODUCT_BUNDLE_IDENTIFIER = com.mitrioApps.Weather;
				PRODUCT_NAME = "$(TARGET_NAME)";
				SWIFT_EMIT_LOC_STRINGS = YES;
				SWIFT_VERSION = 5.0;
				TARGETED_DEVICE_FAMILY = 1;
			};
			name = Release;
		};
/* End XCBuildConfiguration section */

/* Begin XCConfigurationList section */
		554C8CB327FAFCBA001B8A08 /* Build configuration list for PBXProject "Weather" */ = {
			isa = XCConfigurationList;
			buildConfigurations = (
				554C8CCA27FAFCBC001B8A08 /* Debug */,
				554C8CCB27FAFCBC001B8A08 /* Release */,
			);
			defaultConfigurationIsVisible = 0;
			defaultConfigurationName = Release;
		};
		554C8CCC27FAFCBC001B8A08 /* Build configuration list for PBXNativeTarget "Weather" */ = {
			isa = XCConfigurationList;
			buildConfigurations = (
				554C8CCD27FAFCBC001B8A08 /* Debug */,
				554C8CCE27FAFCBC001B8A08 /* Release */,
			);
			defaultConfigurationIsVisible = 0;
			defaultConfigurationName = Release;
		};
/* End XCConfigurationList section */
	};
	rootObject = 554C8CB027FAFCBA001B8A08 /* Project object */;
}
